// !$*UTF8*$!
{
	archiveVersion = 1;
	classes = {
	};
	objectVersion = 46;
	objects = {

/* Begin PBXBuildFile section */
		A592A8AD1B56B40000A0FDE5 /* RootView.swift in Sources */ = {isa = PBXBuildFile; fileRef = A592A8AC1B56B40000A0FDE5 /* RootView.swift */; };
		BD103C3D1B56F9F50017DF5A /* UIImageEffects.swift in Sources */ = {isa = PBXBuildFile; fileRef = BD103C3C1B56F9F50017DF5A /* UIImageEffects.swift */; };
		BD103C3F1B57052F0017DF5A /* AddEventTableView.swift in Sources */ = {isa = PBXBuildFile; fileRef = BD103C3E1B57052F0017DF5A /* AddEventTableView.swift */; };
		BD103C431B5716760017DF5A /* DiscoverTableView.swift in Sources */ = {isa = PBXBuildFile; fileRef = BD103C421B5716750017DF5A /* DiscoverTableView.swift */; };
		BD103C451B5717250017DF5A /* EventCell.swift in Sources */ = {isa = PBXBuildFile; fileRef = BD103C441B5717250017DF5A /* EventCell.swift */; };
		BD103C481B572F000017DF5A /* EventDetailTableView.swift in Sources */ = {isa = PBXBuildFile; fileRef = BD103C471B572F000017DF5A /* EventDetailTableView.swift */; };
		BD103C4B1B5741230017DF5A /* asset_filter@2x.png in Resources */ = {isa = PBXBuildFile; fileRef = BD103C4A1B5741230017DF5A /* asset_filter@2x.png */; };
		BD103C511B5748F50017DF5A /* Extension.swift in Sources */ = {isa = PBXBuildFile; fileRef = BD103C501B5748F50017DF5A /* Extension.swift */; };
		BD103C531B574E960017DF5A /* FilterEventsView.swift in Sources */ = {isa = PBXBuildFile; fileRef = BD103C521B574E960017DF5A /* FilterEventsView.swift */; };
		BD103C5A1B575E9C0017DF5A /* Info.plist in Resources */ = {isa = PBXBuildFile; fileRef = BD103C591B575E9C0017DF5A /* Info.plist */; };
		BD103C5B1B575E9C0017DF5A /* Info.plist in Resources */ = {isa = PBXBuildFile; fileRef = BD103C591B575E9C0017DF5A /* Info.plist */; };
		BDE3DC191B56999F0007F9DA /* AppDelegate.swift in Sources */ = {isa = PBXBuildFile; fileRef = BDE3DC181B56999F0007F9DA /* AppDelegate.swift */; };
		BDE3DC1E1B56999F0007F9DA /* Main.storyboard in Resources */ = {isa = PBXBuildFile; fileRef = BDE3DC1C1B56999F0007F9DA /* Main.storyboard */; };
		BDE3DC201B56999F0007F9DA /* Images.xcassets in Resources */ = {isa = PBXBuildFile; fileRef = BDE3DC1F1B56999F0007F9DA /* Images.xcassets */; };
		BDE3DC231B56999F0007F9DA /* LaunchScreen.xib in Resources */ = {isa = PBXBuildFile; fileRef = BDE3DC211B56999F0007F9DA /* LaunchScreen.xib */; };
		BDE3DC2F1B5699A00007F9DA /* Hack_DayTests.swift in Sources */ = {isa = PBXBuildFile; fileRef = BDE3DC2E1B5699A00007F9DA /* Hack_DayTests.swift */; };
		BDE3DC3D1B56B9770007F9DA /* AudioToolbox.framework in Frameworks */ = {isa = PBXBuildFile; fileRef = BDE3DC3C1B56B9770007F9DA /* AudioToolbox.framework */; };
		BDE3DC3F1B56B97B0007F9DA /* CFNetwork.framework in Frameworks */ = {isa = PBXBuildFile; fileRef = BDE3DC3E1B56B97B0007F9DA /* CFNetwork.framework */; };
		BDE3DC411B56B97F0007F9DA /* CoreGraphics.framework in Frameworks */ = {isa = PBXBuildFile; fileRef = BDE3DC401B56B97F0007F9DA /* CoreGraphics.framework */; };
		BDE3DC431B56B9830007F9DA /* CoreLocation.framework in Frameworks */ = {isa = PBXBuildFile; fileRef = BDE3DC421B56B9830007F9DA /* CoreLocation.framework */; };
		BDE3DC451B56B9890007F9DA /* MobileCoreServices.framework in Frameworks */ = {isa = PBXBuildFile; fileRef = BDE3DC441B56B9890007F9DA /* MobileCoreServices.framework */; };
		BDE3DC471B56B98F0007F9DA /* QuartzCore.framework in Frameworks */ = {isa = PBXBuildFile; fileRef = BDE3DC461B56B98F0007F9DA /* QuartzCore.framework */; };
		BDE3DC491B56B9930007F9DA /* Security.framework in Frameworks */ = {isa = PBXBuildFile; fileRef = BDE3DC481B56B9930007F9DA /* Security.framework */; };
		BDE3DC4B1B56B9970007F9DA /* StoreKit.framework in Frameworks */ = {isa = PBXBuildFile; fileRef = BDE3DC4A1B56B9970007F9DA /* StoreKit.framework */; };
		BDE3DC4D1B56B99D0007F9DA /* SystemConfiguration.framework in Frameworks */ = {isa = PBXBuildFile; fileRef = BDE3DC4C1B56B99D0007F9DA /* SystemConfiguration.framework */; };
		BDE3DC4F1B56B9AB0007F9DA /* libz.dylib in Frameworks */ = {isa = PBXBuildFile; fileRef = BDE3DC4E1B56B9AB0007F9DA /* libz.dylib */; };
		BDE3DC511B56B9B30007F9DA /* libsqlite3.dylib in Frameworks */ = {isa = PBXBuildFile; fileRef = BDE3DC501B56B9B30007F9DA /* libsqlite3.dylib */; };
		BDE3DC531B56B9C00007F9DA /* Accounts.framework in Frameworks */ = {isa = PBXBuildFile; fileRef = BDE3DC521B56B9C00007F9DA /* Accounts.framework */; };
		BDE3DC551B56B9C50007F9DA /* Social.framework in Frameworks */ = {isa = PBXBuildFile; fileRef = BDE3DC541B56B9C50007F9DA /* Social.framework */; };
		BDE3DC581B56BA8E0007F9DA /* GlobalStyles.swift in Sources */ = {isa = PBXBuildFile; fileRef = BDE3DC571B56BA8E0007F9DA /* GlobalStyles.swift */; };
		BDE3DC5E1B56BD4E0007F9DA /* LoginView.swift in Sources */ = {isa = PBXBuildFile; fileRef = BDE3DC5D1B56BD4E0007F9DA /* LoginView.swift */; };
		BDE3DC651B56BFAB0007F9DA /* Bolts.framework in Frameworks */ = {isa = PBXBuildFile; fileRef = BDE3DC5F1B56BFAB0007F9DA /* Bolts.framework */; };
		BDE3DC661B56BFAB0007F9DA /* Parse.framework in Frameworks */ = {isa = PBXBuildFile; fileRef = BDE3DC601B56BFAB0007F9DA /* Parse.framework */; };
		BDE3DC671B56BFAB0007F9DA /* ParseCrashReporting.framework in Frameworks */ = {isa = PBXBuildFile; fileRef = BDE3DC611B56BFAB0007F9DA /* ParseCrashReporting.framework */; };
		BDE3DC681B56BFAB0007F9DA /* ParseFacebookUtils.framework in Frameworks */ = {isa = PBXBuildFile; fileRef = BDE3DC621B56BFAB0007F9DA /* ParseFacebookUtils.framework */; };
		BDE3DC691B56BFAB0007F9DA /* ParseFacebookUtilsV4.framework in Frameworks */ = {isa = PBXBuildFile; fileRef = BDE3DC631B56BFAB0007F9DA /* ParseFacebookUtilsV4.framework */; };
		BDE3DC6A1B56BFAB0007F9DA /* ParseUI.framework in Frameworks */ = {isa = PBXBuildFile; fileRef = BDE3DC641B56BFAB0007F9DA /* ParseUI.framework */; };
		BDE3DC711B56CC1F0007F9DA /* SettingsTableView.swift in Sources */ = {isa = PBXBuildFile; fileRef = BDE3DC701B56CC1F0007F9DA /* SettingsTableView.swift */; };
		BDE3DC731B56CC2D0007F9DA /* NearbyView.swift in Sources */ = {isa = PBXBuildFile; fileRef = BDE3DC721B56CC2D0007F9DA /* NearbyView.swift */; };
		BDE3DC771B56D6D80007F9DA /* MBProgressHUD.m in Sources */ = {isa = PBXBuildFile; fileRef = BDE3DC761B56D6D80007F9DA /* MBProgressHUD.m */; };
		BDE3DC7C1B56D9050007F9DA /* tab_location@2x.png in Resources */ = {isa = PBXBuildFile; fileRef = BDE3DC7B1B56D9050007F9DA /* tab_location@2x.png */; };
		BDE3DC7E1B56D9560007F9DA /* tab_search@2x.png in Resources */ = {isa = PBXBuildFile; fileRef = BDE3DC7D1B56D9560007F9DA /* tab_search@2x.png */; };
		BDE3DC801B56D9C50007F9DA /* tab_me@2x.png in Resources */ = {isa = PBXBuildFile; fileRef = BDE3DC7F1B56D9C50007F9DA /* tab_me@2x.png */; };
/* End PBXBuildFile section */

/* Begin PBXContainerItemProxy section */
		BDE3DC291B5699A00007F9DA /* PBXContainerItemProxy */ = {
			isa = PBXContainerItemProxy;
			containerPortal = BDE3DC0B1B56999F0007F9DA /* Project object */;
			proxyType = 1;
			remoteGlobalIDString = BDE3DC121B56999F0007F9DA;
			remoteInfo = "Hack Day";
		};
/* End PBXContainerItemProxy section */

/* Begin PBXFileReference section */
		A592A8AC1B56B40000A0FDE5 /* RootView.swift */ = {isa = PBXFileReference; fileEncoding = 4; lastKnownFileType = sourcecode.swift; path = RootView.swift; sourceTree = "<group>"; };
		BD103C3C1B56F9F50017DF5A /* UIImageEffects.swift */ = {isa = PBXFileReference; fileEncoding = 4; lastKnownFileType = sourcecode.swift; path = UIImageEffects.swift; sourceTree = "<group>"; };
		BD103C3E1B57052F0017DF5A /* AddEventTableView.swift */ = {isa = PBXFileReference; fileEncoding = 4; lastKnownFileType = sourcecode.swift; path = AddEventTableView.swift; sourceTree = "<group>"; };
		BD103C421B5716750017DF5A /* DiscoverTableView.swift */ = {isa = PBXFileReference; fileEncoding = 4; lastKnownFileType = sourcecode.swift; path = DiscoverTableView.swift; sourceTree = "<group>"; };
		BD103C441B5717250017DF5A /* EventCell.swift */ = {isa = PBXFileReference; fileEncoding = 4; lastKnownFileType = sourcecode.swift; path = EventCell.swift; sourceTree = "<group>"; };
		BD103C471B572F000017DF5A /* EventDetailTableView.swift */ = {isa = PBXFileReference; fileEncoding = 4; lastKnownFileType = sourcecode.swift; path = EventDetailTableView.swift; sourceTree = "<group>"; };
		BD103C4A1B5741230017DF5A /* asset_filter@2x.png */ = {isa = PBXFileReference; lastKnownFileType = image.png; path = "asset_filter@2x.png"; sourceTree = "<group>"; };
		BD103C501B5748F50017DF5A /* Extension.swift */ = {isa = PBXFileReference; fileEncoding = 4; lastKnownFileType = sourcecode.swift; path = Extension.swift; sourceTree = "<group>"; };
		BD103C521B574E960017DF5A /* FilterEventsView.swift */ = {isa = PBXFileReference; fileEncoding = 4; lastKnownFileType = sourcecode.swift; path = FilterEventsView.swift; sourceTree = "<group>"; };
		BD103C591B575E9C0017DF5A /* Info.plist */ = {isa = PBXFileReference; fileEncoding = 4; lastKnownFileType = text.plist.xml; path = Info.plist; sourceTree = "<group>"; };
		BDE3DC131B56999F0007F9DA /* Hack Day.app */ = {isa = PBXFileReference; explicitFileType = wrapper.application; includeInIndex = 0; path = "Hack Day.app"; sourceTree = BUILT_PRODUCTS_DIR; };
		BDE3DC181B56999F0007F9DA /* AppDelegate.swift */ = {isa = PBXFileReference; lastKnownFileType = sourcecode.swift; path = AppDelegate.swift; sourceTree = "<group>"; };
		BDE3DC1D1B56999F0007F9DA /* Base */ = {isa = PBXFileReference; lastKnownFileType = file.storyboard; name = Base; path = Base.lproj/Main.storyboard; sourceTree = "<group>"; };
		BDE3DC1F1B56999F0007F9DA /* Images.xcassets */ = {isa = PBXFileReference; lastKnownFileType = folder.assetcatalog; path = Images.xcassets; sourceTree = "<group>"; };
		BDE3DC221B56999F0007F9DA /* Base */ = {isa = PBXFileReference; lastKnownFileType = file.xib; name = Base; path = Base.lproj/LaunchScreen.xib; sourceTree = "<group>"; };
		BDE3DC281B5699A00007F9DA /* Hack DayTests.xctest */ = {isa = PBXFileReference; explicitFileType = wrapper.cfbundle; includeInIndex = 0; path = "Hack DayTests.xctest"; sourceTree = BUILT_PRODUCTS_DIR; };
		BDE3DC2E1B5699A00007F9DA /* Hack_DayTests.swift */ = {isa = PBXFileReference; lastKnownFileType = sourcecode.swift; path = Hack_DayTests.swift; sourceTree = "<group>"; };
		BDE3DC3C1B56B9770007F9DA /* AudioToolbox.framework */ = {isa = PBXFileReference; lastKnownFileType = wrapper.framework; name = AudioToolbox.framework; path = System/Library/Frameworks/AudioToolbox.framework; sourceTree = SDKROOT; };
		BDE3DC3E1B56B97B0007F9DA /* CFNetwork.framework */ = {isa = PBXFileReference; lastKnownFileType = wrapper.framework; name = CFNetwork.framework; path = System/Library/Frameworks/CFNetwork.framework; sourceTree = SDKROOT; };
		BDE3DC401B56B97F0007F9DA /* CoreGraphics.framework */ = {isa = PBXFileReference; lastKnownFileType = wrapper.framework; name = CoreGraphics.framework; path = System/Library/Frameworks/CoreGraphics.framework; sourceTree = SDKROOT; };
		BDE3DC421B56B9830007F9DA /* CoreLocation.framework */ = {isa = PBXFileReference; lastKnownFileType = wrapper.framework; name = CoreLocation.framework; path = System/Library/Frameworks/CoreLocation.framework; sourceTree = SDKROOT; };
		BDE3DC441B56B9890007F9DA /* MobileCoreServices.framework */ = {isa = PBXFileReference; lastKnownFileType = wrapper.framework; name = MobileCoreServices.framework; path = System/Library/Frameworks/MobileCoreServices.framework; sourceTree = SDKROOT; };
		BDE3DC461B56B98F0007F9DA /* QuartzCore.framework */ = {isa = PBXFileReference; lastKnownFileType = wrapper.framework; name = QuartzCore.framework; path = System/Library/Frameworks/QuartzCore.framework; sourceTree = SDKROOT; };
		BDE3DC481B56B9930007F9DA /* Security.framework */ = {isa = PBXFileReference; lastKnownFileType = wrapper.framework; name = Security.framework; path = System/Library/Frameworks/Security.framework; sourceTree = SDKROOT; };
		BDE3DC4A1B56B9970007F9DA /* StoreKit.framework */ = {isa = PBXFileReference; lastKnownFileType = wrapper.framework; name = StoreKit.framework; path = System/Library/Frameworks/StoreKit.framework; sourceTree = SDKROOT; };
		BDE3DC4C1B56B99D0007F9DA /* SystemConfiguration.framework */ = {isa = PBXFileReference; lastKnownFileType = wrapper.framework; name = SystemConfiguration.framework; path = System/Library/Frameworks/SystemConfiguration.framework; sourceTree = SDKROOT; };
		BDE3DC4E1B56B9AB0007F9DA /* libz.dylib */ = {isa = PBXFileReference; lastKnownFileType = "compiled.mach-o.dylib"; name = libz.dylib; path = usr/lib/libz.dylib; sourceTree = SDKROOT; };
		BDE3DC501B56B9B30007F9DA /* libsqlite3.dylib */ = {isa = PBXFileReference; lastKnownFileType = "compiled.mach-o.dylib"; name = libsqlite3.dylib; path = usr/lib/libsqlite3.dylib; sourceTree = SDKROOT; };
		BDE3DC521B56B9C00007F9DA /* Accounts.framework */ = {isa = PBXFileReference; lastKnownFileType = wrapper.framework; name = Accounts.framework; path = System/Library/Frameworks/Accounts.framework; sourceTree = SDKROOT; };
		BDE3DC541B56B9C50007F9DA /* Social.framework */ = {isa = PBXFileReference; lastKnownFileType = wrapper.framework; name = Social.framework; path = System/Library/Frameworks/Social.framework; sourceTree = SDKROOT; };
		BDE3DC571B56BA8E0007F9DA /* GlobalStyles.swift */ = {isa = PBXFileReference; fileEncoding = 4; lastKnownFileType = sourcecode.swift; path = GlobalStyles.swift; sourceTree = "<group>"; };
		BDE3DC5D1B56BD4E0007F9DA /* LoginView.swift */ = {isa = PBXFileReference; fileEncoding = 4; lastKnownFileType = sourcecode.swift; path = LoginView.swift; sourceTree = "<group>"; };
		BDE3DC5F1B56BFAB0007F9DA /* Bolts.framework */ = {isa = PBXFileReference; lastKnownFileType = wrapper.framework; path = Bolts.framework; sourceTree = "<group>"; };
		BDE3DC601B56BFAB0007F9DA /* Parse.framework */ = {isa = PBXFileReference; lastKnownFileType = wrapper.framework; path = Parse.framework; sourceTree = "<group>"; };
		BDE3DC611B56BFAB0007F9DA /* ParseCrashReporting.framework */ = {isa = PBXFileReference; lastKnownFileType = wrapper.framework; path = ParseCrashReporting.framework; sourceTree = "<group>"; };
		BDE3DC621B56BFAB0007F9DA /* ParseFacebookUtils.framework */ = {isa = PBXFileReference; lastKnownFileType = wrapper.framework; path = ParseFacebookUtils.framework; sourceTree = "<group>"; };
		BDE3DC631B56BFAB0007F9DA /* ParseFacebookUtilsV4.framework */ = {isa = PBXFileReference; lastKnownFileType = wrapper.framework; path = ParseFacebookUtilsV4.framework; sourceTree = "<group>"; };
		BDE3DC641B56BFAB0007F9DA /* ParseUI.framework */ = {isa = PBXFileReference; lastKnownFileType = wrapper.framework; path = ParseUI.framework; sourceTree = "<group>"; };
		BDE3DC701B56CC1F0007F9DA /* SettingsTableView.swift */ = {isa = PBXFileReference; fileEncoding = 4; lastKnownFileType = sourcecode.swift; path = SettingsTableView.swift; sourceTree = "<group>"; };
		BDE3DC721B56CC2D0007F9DA /* NearbyView.swift */ = {isa = PBXFileReference; fileEncoding = 4; lastKnownFileType = sourcecode.swift; path = NearbyView.swift; sourceTree = "<group>"; };
		BDE3DC741B56D6D70007F9DA /* Hack Day-Bridging-Header.h */ = {isa = PBXFileReference; lastKnownFileType = sourcecode.c.h; path = "Hack Day-Bridging-Header.h"; sourceTree = "<group>"; };
		BDE3DC751B56D6D80007F9DA /* MBProgressHUD.h */ = {isa = PBXFileReference; fileEncoding = 4; lastKnownFileType = sourcecode.c.h; path = MBProgressHUD.h; sourceTree = "<group>"; };
		BDE3DC761B56D6D80007F9DA /* MBProgressHUD.m */ = {isa = PBXFileReference; fileEncoding = 4; lastKnownFileType = sourcecode.c.objc; path = MBProgressHUD.m; sourceTree = "<group>"; };
		BDE3DC7B1B56D9050007F9DA /* tab_location@2x.png */ = {isa = PBXFileReference; lastKnownFileType = image.png; path = "tab_location@2x.png"; sourceTree = "<group>"; };
		BDE3DC7D1B56D9560007F9DA /* tab_search@2x.png */ = {isa = PBXFileReference; lastKnownFileType = image.png; path = "tab_search@2x.png"; sourceTree = "<group>"; };
		BDE3DC7F1B56D9C50007F9DA /* tab_me@2x.png */ = {isa = PBXFileReference; lastKnownFileType = image.png; path = "tab_me@2x.png"; sourceTree = "<group>"; };
/* End PBXFileReference section */

/* Begin PBXFrameworksBuildPhase section */
		BDE3DC101B56999F0007F9DA /* Frameworks */ = {
			isa = PBXFrameworksBuildPhase;
			buildActionMask = 2147483647;
			files = (
				BDE3DC551B56B9C50007F9DA /* Social.framework in Frameworks */,
				BDE3DC531B56B9C00007F9DA /* Accounts.framework in Frameworks */,
				BDE3DC511B56B9B30007F9DA /* libsqlite3.dylib in Frameworks */,
				BDE3DC4F1B56B9AB0007F9DA /* libz.dylib in Frameworks */,
				BDE3DC661B56BFAB0007F9DA /* Parse.framework in Frameworks */,
				BDE3DC681B56BFAB0007F9DA /* ParseFacebookUtils.framework in Frameworks */,
				BDE3DC4D1B56B99D0007F9DA /* SystemConfiguration.framework in Frameworks */,
				BDE3DC4B1B56B9970007F9DA /* StoreKit.framework in Frameworks */,
				BDE3DC491B56B9930007F9DA /* Security.framework in Frameworks */,
				BDE3DC471B56B98F0007F9DA /* QuartzCore.framework in Frameworks */,
				BDE3DC6A1B56BFAB0007F9DA /* ParseUI.framework in Frameworks */,
				BDE3DC451B56B9890007F9DA /* MobileCoreServices.framework in Frameworks */,
				BDE3DC431B56B9830007F9DA /* CoreLocation.framework in Frameworks */,
				BDE3DC411B56B97F0007F9DA /* CoreGraphics.framework in Frameworks */,
				BDE3DC3F1B56B97B0007F9DA /* CFNetwork.framework in Frameworks */,
				BDE3DC691B56BFAB0007F9DA /* ParseFacebookUtilsV4.framework in Frameworks */,
				BDE3DC3D1B56B9770007F9DA /* AudioToolbox.framework in Frameworks */,
				BDE3DC651B56BFAB0007F9DA /* Bolts.framework in Frameworks */,
				BDE3DC671B56BFAB0007F9DA /* ParseCrashReporting.framework in Frameworks */,
			);
			runOnlyForDeploymentPostprocessing = 0;
		};
		BDE3DC251B5699A00007F9DA /* Frameworks */ = {
			isa = PBXFrameworksBuildPhase;
			buildActionMask = 2147483647;
			files = (
			);
			runOnlyForDeploymentPostprocessing = 0;
		};
/* End PBXFrameworksBuildPhase section */

/* Begin PBXGroup section */
		BD103C461B5717290017DF5A /* Models */ = {
			isa = PBXGroup;
			children = (
				BD103C441B5717250017DF5A /* EventCell.swift */,
			);
			name = Models;
			sourceTree = "<group>";
		};
		BD103C491B572F0C0017DF5A /* Discover */ = {
			isa = PBXGroup;
			children = (
				BD103C421B5716750017DF5A /* DiscoverTableView.swift */,
				BD103C521B574E960017DF5A /* FilterEventsView.swift */,
				BD103C471B572F000017DF5A /* EventDetailTableView.swift */,
				BD103C3E1B57052F0017DF5A /* AddEventTableView.swift */,
			);
			name = Discover;
			sourceTree = "<group>";
		};
		BDE3DC0A1B56999F0007F9DA = {
			isa = PBXGroup;
			children = (
				BDE3DC151B56999F0007F9DA /* Hack Day */,
				BDE3DC2B1B5699A00007F9DA /* Hack DayTests */,
				BDE3DC141B56999F0007F9DA /* Products */,
				BDE3DC561B56B9CE0007F9DA /* Frameworks */,
			);
			sourceTree = "<group>";
		};
		BDE3DC141B56999F0007F9DA /* Products */ = {
			isa = PBXGroup;
			children = (
				BDE3DC131B56999F0007F9DA /* Hack Day.app */,
				BDE3DC281B5699A00007F9DA /* Hack DayTests.xctest */,
			);
			name = Products;
			sourceTree = "<group>";
		};
		BDE3DC151B56999F0007F9DA /* Hack Day */ = {
			isa = PBXGroup;
			children = (
				BDE3DC1C1B56999F0007F9DA /* Main.storyboard */,
				A592A8AC1B56B40000A0FDE5 /* RootView.swift */,
				BDE3DC5D1B56BD4E0007F9DA /* LoginView.swift */,
				BDE3DC6D1B56CC030007F9DA /* User Views */,
				BD103C461B5717290017DF5A /* Models */,
				BDE3DC1F1B56999F0007F9DA /* Images.xcassets */,
				BDE3DC211B56999F0007F9DA /* LaunchScreen.xib */,
				BDE3DC571B56BA8E0007F9DA /* GlobalStyles.swift */,
				BD103C501B5748F50017DF5A /* Extension.swift */,
				BDE3DC781B56D8B00007F9DA /* Assets */,
				BDE3DC161B56999F0007F9DA /* Supporting Files */,
			);
			path = "Hack Day";
			sourceTree = "<group>";
		};
		BDE3DC161B56999F0007F9DA /* Supporting Files */ = {
			isa = PBXGroup;
			children = (
				BDE3DC181B56999F0007F9DA /* AppDelegate.swift */,
				BD103C3C1B56F9F50017DF5A /* UIImageEffects.swift */,
			);
			name = "Supporting Files";
			sourceTree = "<group>";
		};
		BDE3DC2B1B5699A00007F9DA /* Hack DayTests */ = {
			isa = PBXGroup;
			children = (
				BDE3DC2E1B5699A00007F9DA /* Hack_DayTests.swift */,
				BDE3DC2C1B5699A00007F9DA /* Supporting Files */,
			);
			path = "Hack DayTests";
			sourceTree = "<group>";
		};
		BDE3DC2C1B5699A00007F9DA /* Supporting Files */ = {
			isa = PBXGroup;
			children = (
				BD103C591B575E9C0017DF5A /* Info.plist */,
			);
			name = "Supporting Files";
			sourceTree = "<group>";
		};
		BDE3DC561B56B9CE0007F9DA /* Frameworks */ = {
			isa = PBXGroup;
			children = (
				BDE3DC751B56D6D80007F9DA /* MBProgressHUD.h */,
				BDE3DC761B56D6D80007F9DA /* MBProgressHUD.m */,
				BDE3DC5F1B56BFAB0007F9DA /* Bolts.framework */,
				BDE3DC601B56BFAB0007F9DA /* Parse.framework */,
				BDE3DC611B56BFAB0007F9DA /* ParseCrashReporting.framework */,
				BDE3DC621B56BFAB0007F9DA /* ParseFacebookUtils.framework */,
				BDE3DC631B56BFAB0007F9DA /* ParseFacebookUtilsV4.framework */,
				BDE3DC641B56BFAB0007F9DA /* ParseUI.framework */,
				BDE3DC541B56B9C50007F9DA /* Social.framework */,
				BDE3DC521B56B9C00007F9DA /* Accounts.framework */,
				BDE3DC501B56B9B30007F9DA /* libsqlite3.dylib */,
				BDE3DC4E1B56B9AB0007F9DA /* libz.dylib */,
				BDE3DC4C1B56B99D0007F9DA /* SystemConfiguration.framework */,
				BDE3DC4A1B56B9970007F9DA /* StoreKit.framework */,
				BDE3DC481B56B9930007F9DA /* Security.framework */,
				BDE3DC461B56B98F0007F9DA /* QuartzCore.framework */,
				BDE3DC441B56B9890007F9DA /* MobileCoreServices.framework */,
				BDE3DC421B56B9830007F9DA /* CoreLocation.framework */,
				BDE3DC401B56B97F0007F9DA /* CoreGraphics.framework */,
				BDE3DC3E1B56B97B0007F9DA /* CFNetwork.framework */,
				BDE3DC3C1B56B9770007F9DA /* AudioToolbox.framework */,
				BDE3DC741B56D6D70007F9DA /* Hack Day-Bridging-Header.h */,
			);
			name = Frameworks;
			sourceTree = "<group>";
		};
		BDE3DC6D1B56CC030007F9DA /* User Views */ = {
			isa = PBXGroup;
			children = (
				BD103C491B572F0C0017DF5A /* Discover */,
				BDE3DC721B56CC2D0007F9DA /* NearbyView.swift */,
				BDE3DC701B56CC1F0007F9DA /* SettingsTableView.swift */,
			);
			name = "User Views";
			sourceTree = "<group>";
		};
		BDE3DC781B56D8B00007F9DA /* Assets */ = {
			isa = PBXGroup;
			children = (
				BD103C4A1B5741230017DF5A /* asset_filter@2x.png */,
				BDE3DC7B1B56D9050007F9DA /* tab_location@2x.png */,
				BDE3DC7D1B56D9560007F9DA /* tab_search@2x.png */,
				BDE3DC7F1B56D9C50007F9DA /* tab_me@2x.png */,
			);
			name = Assets;
			path = "Hack DayTests";
			sourceTree = SOURCE_ROOT;
		};
/* End PBXGroup section */

/* Begin PBXNativeTarget section */
		BDE3DC121B56999F0007F9DA /* Hack Day */ = {
			isa = PBXNativeTarget;
			buildConfigurationList = BDE3DC321B5699A00007F9DA /* Build configuration list for PBXNativeTarget "Hack Day" */;
			buildPhases = (
				BDE3DC0F1B56999F0007F9DA /* Sources */,
				BDE3DC101B56999F0007F9DA /* Frameworks */,
				BDE3DC111B56999F0007F9DA /* Resources */,
			);
			buildRules = (
			);
			dependencies = (
			);
			name = "Hack Day";
			productName = "Hack Day";
			productReference = BDE3DC131B56999F0007F9DA /* Hack Day.app */;
			productType = "com.apple.product-type.application";
		};
		BDE3DC271B5699A00007F9DA /* Hack DayTests */ = {
			isa = PBXNativeTarget;
			buildConfigurationList = BDE3DC351B5699A00007F9DA /* Build configuration list for PBXNativeTarget "Hack DayTests" */;
			buildPhases = (
				BDE3DC241B5699A00007F9DA /* Sources */,
				BDE3DC251B5699A00007F9DA /* Frameworks */,
				BDE3DC261B5699A00007F9DA /* Resources */,
			);
			buildRules = (
			);
			dependencies = (
				BDE3DC2A1B5699A00007F9DA /* PBXTargetDependency */,
			);
			name = "Hack DayTests";
			productName = "Hack DayTests";
			productReference = BDE3DC281B5699A00007F9DA /* Hack DayTests.xctest */;
			productType = "com.apple.product-type.bundle.unit-test";
		};
/* End PBXNativeTarget section */

/* Begin PBXProject section */
		BDE3DC0B1B56999F0007F9DA /* Project object */ = {
			isa = PBXProject;
			attributes = {
				LastUpgradeCheck = 0640;
				ORGANIZATIONNAME = "State Farm";
				TargetAttributes = {
					BDE3DC121B56999F0007F9DA = {
						CreatedOnToolsVersion = 6.4;
						DevelopmentTeam = Y5Q9CABWG8;
					};
					BDE3DC271B5699A00007F9DA = {
						CreatedOnToolsVersion = 6.4;
						TestTargetID = BDE3DC121B56999F0007F9DA;
					};
				};
			};
			buildConfigurationList = BDE3DC0E1B56999F0007F9DA /* Build configuration list for PBXProject "Hack Day" */;
			compatibilityVersion = "Xcode 3.2";
			developmentRegion = English;
			hasScannedForEncodings = 0;
			knownRegions = (
				en,
				Base,
			);
			mainGroup = BDE3DC0A1B56999F0007F9DA;
			productRefGroup = BDE3DC141B56999F0007F9DA /* Products */;
			projectDirPath = "";
			projectRoot = "";
			targets = (
				BDE3DC121B56999F0007F9DA /* Hack Day */,
				BDE3DC271B5699A00007F9DA /* Hack DayTests */,
			);
		};
/* End PBXProject section */

/* Begin PBXResourcesBuildPhase section */
		BDE3DC111B56999F0007F9DA /* Resources */ = {
			isa = PBXResourcesBuildPhase;
			buildActionMask = 2147483647;
			files = (
				BD103C5A1B575E9C0017DF5A /* Info.plist in Resources */,
				BD103C4B1B5741230017DF5A /* asset_filter@2x.png in Resources */,
				BDE3DC1E1B56999F0007F9DA /* Main.storyboard in Resources */,
				BDE3DC231B56999F0007F9DA /* LaunchScreen.xib in Resources */,
				BDE3DC201B56999F0007F9DA /* Images.xcassets in Resources */,
				BDE3DC7E1B56D9560007F9DA /* tab_search@2x.png in Resources */,
				BDE3DC801B56D9C50007F9DA /* tab_me@2x.png in Resources */,
				BDE3DC7C1B56D9050007F9DA /* tab_location@2x.png in Resources */,
			);
			runOnlyForDeploymentPostprocessing = 0;
		};
		BDE3DC261B5699A00007F9DA /* Resources */ = {
			isa = PBXResourcesBuildPhase;
			buildActionMask = 2147483647;
			files = (
				BD103C5B1B575E9C0017DF5A /* Info.plist in Resources */,
			);
			runOnlyForDeploymentPostprocessing = 0;
		};
/* End PBXResourcesBuildPhase section */

/* Begin PBXSourcesBuildPhase section */
		BDE3DC0F1B56999F0007F9DA /* Sources */ = {
			isa = PBXSourcesBuildPhase;
			buildActionMask = 2147483647;
			files = (
				BD103C531B574E960017DF5A /* FilterEventsView.swift in Sources */,
				BDE3DC711B56CC1F0007F9DA /* SettingsTableView.swift in Sources */,
				BD103C481B572F000017DF5A /* EventDetailTableView.swift in Sources */,
				BDE3DC191B56999F0007F9DA /* AppDelegate.swift in Sources */,
				BD103C3D1B56F9F50017DF5A /* UIImageEffects.swift in Sources */,
				BDE3DC581B56BA8E0007F9DA /* GlobalStyles.swift in Sources */,
				BDE3DC5E1B56BD4E0007F9DA /* LoginView.swift in Sources */,
				A592A8AD1B56B40000A0FDE5 /* RootView.swift in Sources */,
				BD103C451B5717250017DF5A /* EventCell.swift in Sources */,
				BD103C511B5748F50017DF5A /* Extension.swift in Sources */,
				BD103C431B5716760017DF5A /* DiscoverTableView.swift in Sources */,
				BDE3DC731B56CC2D0007F9DA /* NearbyView.swift in Sources */,
				BD103C3F1B57052F0017DF5A /* AddEventTableView.swift in Sources */,
				BDE3DC771B56D6D80007F9DA /* MBProgressHUD.m in Sources */,
			);
			runOnlyForDeploymentPostprocessing = 0;
		};
		BDE3DC241B5699A00007F9DA /* Sources */ = {
			isa = PBXSourcesBuildPhase;
			buildActionMask = 2147483647;
			files = (
				BDE3DC2F1B5699A00007F9DA /* Hack_DayTests.swift in Sources */,
			);
			runOnlyForDeploymentPostprocessing = 0;
		};
/* End PBXSourcesBuildPhase section */

/* Begin PBXTargetDependency section */
		BDE3DC2A1B5699A00007F9DA /* PBXTargetDependency */ = {
			isa = PBXTargetDependency;
			target = BDE3DC121B56999F0007F9DA /* Hack Day */;
			targetProxy = BDE3DC291B5699A00007F9DA /* PBXContainerItemProxy */;
		};
/* End PBXTargetDependency section */

/* Begin PBXVariantGroup section */
		BDE3DC1C1B56999F0007F9DA /* Main.storyboard */ = {
			isa = PBXVariantGroup;
			children = (
				BDE3DC1D1B56999F0007F9DA /* Base */,
			);
			name = Main.storyboard;
			sourceTree = "<group>";
		};
		BDE3DC211B56999F0007F9DA /* LaunchScreen.xib */ = {
			isa = PBXVariantGroup;
			children = (
				BDE3DC221B56999F0007F9DA /* Base */,
			);
			name = LaunchScreen.xib;
			sourceTree = "<group>";
		};
/* End PBXVariantGroup section */

/* Begin XCBuildConfiguration section */
		BDE3DC301B5699A00007F9DA /* Debug */ = {
			isa = XCBuildConfiguration;
			buildSettings = {
				ALWAYS_SEARCH_USER_PATHS = NO;
				CLANG_CXX_LANGUAGE_STANDARD = "gnu++0x";
				CLANG_CXX_LIBRARY = "libc++";
				CLANG_ENABLE_MODULES = YES;
				CLANG_ENABLE_OBJC_ARC = YES;
				CLANG_WARN_BOOL_CONVERSION = YES;
				CLANG_WARN_CONSTANT_CONVERSION = YES;
				CLANG_WARN_DIRECT_OBJC_ISA_USAGE = YES_ERROR;
				CLANG_WARN_EMPTY_BODY = YES;
				CLANG_WARN_ENUM_CONVERSION = YES;
				CLANG_WARN_INT_CONVERSION = YES;
				CLANG_WARN_OBJC_ROOT_CLASS = YES_ERROR;
				CLANG_WARN_UNREACHABLE_CODE = YES;
				CLANG_WARN__DUPLICATE_METHOD_MATCH = YES;
				"CODE_SIGN_IDENTITY[sdk=iphoneos*]" = "iPhone Developer";
				COPY_PHASE_STRIP = NO;
				DEBUG_INFORMATION_FORMAT = "dwarf-with-dsym";
				ENABLE_STRICT_OBJC_MSGSEND = YES;
				GCC_C_LANGUAGE_STANDARD = gnu99;
				GCC_DYNAMIC_NO_PIC = NO;
				GCC_NO_COMMON_BLOCKS = YES;
				GCC_OPTIMIZATION_LEVEL = 0;
				GCC_PREPROCESSOR_DEFINITIONS = (
					"DEBUG=1",
					"$(inherited)",
				);
				GCC_SYMBOLS_PRIVATE_EXTERN = NO;
				GCC_WARN_64_TO_32_BIT_CONVERSION = YES;
				GCC_WARN_ABOUT_RETURN_TYPE = YES_ERROR;
				GCC_WARN_UNDECLARED_SELECTOR = YES;
				GCC_WARN_UNINITIALIZED_AUTOS = YES_AGGRESSIVE;
				GCC_WARN_UNUSED_FUNCTION = YES;
				GCC_WARN_UNUSED_VARIABLE = YES;
				IPHONEOS_DEPLOYMENT_TARGET = 8.4;
				MTL_ENABLE_DEBUG_INFO = YES;
				ONLY_ACTIVE_ARCH = YES;
				SDKROOT = iphoneos;
				SWIFT_OPTIMIZATION_LEVEL = "-Onone";
			};
			name = Debug;
		};
		BDE3DC311B5699A00007F9DA /* Release */ = {
			isa = XCBuildConfiguration;
			buildSettings = {
				ALWAYS_SEARCH_USER_PATHS = NO;
				CLANG_CXX_LANGUAGE_STANDARD = "gnu++0x";
				CLANG_CXX_LIBRARY = "libc++";
				CLANG_ENABLE_MODULES = YES;
				CLANG_ENABLE_OBJC_ARC = YES;
				CLANG_WARN_BOOL_CONVERSION = YES;
				CLANG_WARN_CONSTANT_CONVERSION = YES;
				CLANG_WARN_DIRECT_OBJC_ISA_USAGE = YES_ERROR;
				CLANG_WARN_EMPTY_BODY = YES;
				CLANG_WARN_ENUM_CONVERSION = YES;
				CLANG_WARN_INT_CONVERSION = YES;
				CLANG_WARN_OBJC_ROOT_CLASS = YES_ERROR;
				CLANG_WARN_UNREACHABLE_CODE = YES;
				CLANG_WARN__DUPLICATE_METHOD_MATCH = YES;
				"CODE_SIGN_IDENTITY[sdk=iphoneos*]" = "iPhone Developer";
				COPY_PHASE_STRIP = NO;
				DEBUG_INFORMATION_FORMAT = "dwarf-with-dsym";
				ENABLE_NS_ASSERTIONS = NO;
				ENABLE_STRICT_OBJC_MSGSEND = YES;
				GCC_C_LANGUAGE_STANDARD = gnu99;
				GCC_NO_COMMON_BLOCKS = YES;
				GCC_WARN_64_TO_32_BIT_CONVERSION = YES;
				GCC_WARN_ABOUT_RETURN_TYPE = YES_ERROR;
				GCC_WARN_UNDECLARED_SELECTOR = YES;
				GCC_WARN_UNINITIALIZED_AUTOS = YES_AGGRESSIVE;
				GCC_WARN_UNUSED_FUNCTION = YES;
				GCC_WARN_UNUSED_VARIABLE = YES;
				IPHONEOS_DEPLOYMENT_TARGET = 8.4;
				MTL_ENABLE_DEBUG_INFO = NO;
				SDKROOT = iphoneos;
				VALIDATE_PRODUCT = YES;
			};
			name = Release;
		};
		BDE3DC331B5699A00007F9DA /* Debug */ = {
			isa = XCBuildConfiguration;
			buildSettings = {
				ASSETCATALOG_COMPILER_APPICON_NAME = AppIcon;
				CLANG_ENABLE_MODULES = YES;
				CODE_SIGN_IDENTITY = "iPhone Developer";
				"CODE_SIGN_IDENTITY[sdk=iphoneos*]" = "iPhone Developer";
				FRAMEWORK_SEARCH_PATHS = (
					"$(inherited)",
					"$(PROJECT_DIR)",
				);
				INFOPLIST_FILE = "Hack Day/Info.plist";
				LD_RUNPATH_SEARCH_PATHS = "$(inherited) @executable_path/Frameworks";
				PRODUCT_NAME = "$(TARGET_NAME)";
				PROVISIONING_PROFILE = "";
				SWIFT_OBJC_BRIDGING_HEADER = "Hack Day-Bridging-Header.h";
				SWIFT_OPTIMIZATION_LEVEL = "-Onone";
			};
			name = Debug;
		};
		BDE3DC341B5699A00007F9DA /* Release */ = {
			isa = XCBuildConfiguration;
			buildSettings = {
				ASSETCATALOG_COMPILER_APPICON_NAME = AppIcon;
				CLANG_ENABLE_MODULES = YES;
				CODE_SIGN_IDENTITY = "iPhone Developer";
				"CODE_SIGN_IDENTITY[sdk=iphoneos*]" = "iPhone Developer";
				FRAMEWORK_SEARCH_PATHS = (
					"$(inherited)",
					"$(PROJECT_DIR)",
				);
				INFOPLIST_FILE = "Hack Day/Info.plist";
				LD_RUNPATH_SEARCH_PATHS = "$(inherited) @executable_path/Frameworks";
				PRODUCT_NAME = "$(TARGET_NAME)";
				PROVISIONING_PROFILE = "";
				SWIFT_OBJC_BRIDGING_HEADER = "Hack Day-Bridging-Header.h";
			};
			name = Release;
		};
		BDE3DC361B5699A00007F9DA /* Debug */ = {
			isa = XCBuildConfiguration;
			buildSettings = {
				BUNDLE_LOADER = "$(TEST_HOST)";
				FRAMEWORK_SEARCH_PATHS = (
					"$(SDKROOT)/Developer/Library/Frameworks",
					"$(inherited)",
				);
				GCC_PREPROCESSOR_DEFINITIONS = (
					"DEBUG=1",
					"$(inherited)",
				);
				INFOPLIST_FILE = "Hack DayTests/Info.plist";
				LD_RUNPATH_SEARCH_PATHS = "$(inherited) @executable_path/Frameworks @loader_path/Frameworks";
				PRODUCT_NAME = "$(TARGET_NAME)";
				TEST_HOST = "$(BUILT_PRODUCTS_DIR)/Hack Day.app/Hack Day";
			};
			name = Debug;
		};
		BDE3DC371B5699A00007F9DA /* Release */ = {
			isa = XCBuildConfiguration;
			buildSettings = {
				BUNDLE_LOADER = "$(TEST_HOST)";
				FRAMEWORK_SEARCH_PATHS = (
					"$(SDKROOT)/Developer/Library/Frameworks",
					"$(inherited)",
				);
				INFOPLIST_FILE = "Hack DayTests/Info.plist";
				LD_RUNPATH_SEARCH_PATHS = "$(inherited) @executable_path/Frameworks @loader_path/Frameworks";
				PRODUCT_NAME = "$(TARGET_NAME)";
				TEST_HOST = "$(BUILT_PRODUCTS_DIR)/Hack Day.app/Hack Day";
			};
			name = Release;
		};
/* End XCBuildConfiguration section */

/* Begin XCConfigurationList section */
		BDE3DC0E1B56999F0007F9DA /* Build configuration list for PBXProject "Hack Day" */ = {
			isa = XCConfigurationList;
			buildConfigurations = (
				BDE3DC301B5699A00007F9DA /* Debug */,
				BDE3DC311B5699A00007F9DA /* Release */,
			);
			defaultConfigurationIsVisible = 0;
			defaultConfigurationName = Release;
		};
		BDE3DC321B5699A00007F9DA /* Build configuration list for PBXNativeTarget "Hack Day" */ = {
			isa = XCConfigurationList;
			buildConfigurations = (
				BDE3DC331B5699A00007F9DA /* Debug */,
				BDE3DC341B5699A00007F9DA /* Release */,
			);
			defaultConfigurationIsVisible = 0;
			defaultConfigurationName = Release;
		};
		BDE3DC351B5699A00007F9DA /* Build configuration list for PBXNativeTarget "Hack DayTests" */ = {
			isa = XCConfigurationList;
			buildConfigurations = (
				BDE3DC361B5699A00007F9DA /* Debug */,
				BDE3DC371B5699A00007F9DA /* Release */,
			);
			defaultConfigurationIsVisible = 0;
			defaultConfigurationName = Release;
		};
/* End XCConfigurationList section */
	};
	rootObject = BDE3DC0B1B56999F0007F9DA /* Project object */;
}
